
Microsoft Visual Studio Solution File, Format Version 12.00
# Visual Studio Version 17
VisualStudioVersion = 17.5.33530.505
MinimumVisualStudioVersion = 10.0.40219.1
Project("{FAE04EC0-301F-11D3-BF4B-00C04F79EFBC}") = "TemperatureConversion", "TemperatureConversion\TemperatureConversion.csproj", "{698537F7-3C27-4620-965A-37E5410D0F02}"
EndProject
Global
	GlobalSection(SolutionConfigurationPlatforms) = preSolution
		Debug|Any CPU = Debug|Any CPU
		Release|Any CPU = Release|Any CPU
	EndGlobalSection
	GlobalSection(ProjectConfigurationPlatforms) = postSolution
		{698537F7-3C27-4620-965A-37E5410D0F02}.Debug|Any CPU.ActiveCfg = Debug|Any CPU
		{698537F7-3C27-4620-965A-37E5410D0F02}.Debug|Any CPU.Build.0 = Debug|Any CPU
		{698537F7-3C27-4620-965A-37E5410D0F02}.Release|Any CPU.ActiveCfg = Release|Any CPU
		{698537F7-3C27-4620-965A-37E5410D0F02}.Release|Any CPU.Build.0 = Release|Any CPU
	EndGlobalSection
	GlobalSection(SolutionProperties) = preSolution
		HideSolutionNode = FALSE
	EndGlobalSection
	GlobalSection(ExtensibilityGlobals) = postSolution
		SolutionGuid = {0C82CBD6-C0B3-41FE-A408-14FA48112B95}
	EndGlobalSection
EndGlobal
